
Microsoft Visual Studio Solution File, Format Version 12.00
# Visual Studio Version 17
VisualStudioVersion = 17.5.33516.290
MinimumVisualStudioVersion = 10.0.40219.1
Project("{FAE04EC0-301F-11D3-BF4B-00C04F79EFBC}") = "QLBanHang", "QLBanHang.csproj", "{2C370D78-8893-49ED-B53A-4E0CFA382224}"
EndProject
Global
	GlobalSection(SolutionConfigurationPlatforms) = preSolution
		Debug|Any CPU = Debug|Any CPU
		Release|Any CPU = Release|Any CPU
	EndGlobalSection
	GlobalSection(ProjectConfigurationPlatforms) = postSolution
		{2C370D78-8893-49ED-B53A-4E0CFA382224}.Debug|Any CPU.ActiveCfg = Debug|Any CPU
		{2C370D78-8893-49ED-B53A-4E0CFA382224}.Debug|Any CPU.Build.0 = Debug|Any CPU
		{2C370D78-8893-49ED-B53A-4E0CFA382224}.Release|Any CPU.ActiveCfg = Release|Any CPU
		{2C370D78-8893-49ED-B53A-4E0CFA382224}.Release|Any CPU.Build.0 = Release|Any CPU
	EndGlobalSection
	GlobalSection(SolutionProperties) = preSolution
		HideSolutionNode = FALSE
	EndGlobalSection
	GlobalSection(ExtensibilityGlobals) = postSolution
		SolutionGuid = {A44B1538-C0BA-47F2-B4C9-DBC65D50BF0F}
	EndGlobalSection
EndGlobal
